
Microsoft Visual Studio Solution File, Format Version 12.00
# Visual Studio Version 17
VisualStudioVersion = 17.3.32929.385
MinimumVisualStudioVersion = 10.0.40219.1
Project("{8BC9CEB8-8B4A-11D0-8D11-00A0C91BC942}") = "Plaything", "Plaything\Plaything.vcxproj", "{0B43151A-8691-4A19-9CAA-849B36CB2CE1}"
EndProject
Global
	GlobalSection(SolutionConfigurationPlatforms) = preSolution
		Debug|x64 = Debug|x64
		Debug|x86 = Debug|x86
		Release|x64 = Release|x64
		Release|x86 = Release|x86
	EndGlobalSection
	GlobalSection(ProjectConfigurationPlatforms) = postSolution
		{0B43151A-8691-4A19-9CAA-849B36CB2CE1}.Debug|x64.ActiveCfg = Debug|x64
		{0B43151A-8691-4A19-9CAA-849B36CB2CE1}.Debug|x64.Build.0 = Debug|x64
		{0B43151A-8691-4A19-9CAA-849B36CB2CE1}.Debug|x86.ActiveCfg = Debug|Win32
		{0B43151A-8691-4A19-9CAA-849B36CB2CE1}.Debug|x86.Build.0 = Debug|Win32
		{0B43151A-8691-4A19-9CAA-849B36CB2CE1}.Release|x64.ActiveCfg = Release|x64
		{0B43151A-8691-4A19-9CAA-849B36CB2CE1}.Release|x64.Build.0 = Release|x64
		{0B43151A-8691-4A19-9CAA-849B36CB2CE1}.Release|x86.ActiveCfg = Release|Win32
		{0B43151A-8691-4A19-9CAA-849B36CB2CE1}.Release|x86.Build.0 = Release|Win32
	EndGlobalSection
	GlobalSection(SolutionProperties) = preSolution
		HideSolutionNode = FALSE
	EndGlobalSection
	GlobalSection(ExtensibilityGlobals) = postSolution
		SolutionGuid = {38E0F9F2-1B58-41FF-9F19-959FE9FA2C7F}
	EndGlobalSection
EndGlobal
