
Microsoft Visual Studio Solution File, Format Version 12.00
# Visual Studio Version 16
VisualStudioVersion = 16.0.31729.503
MinimumVisualStudioVersion = 10.0.40219.1
Project("{8BC9CEB8-8B4A-11D0-8D11-00A0C91BC942}") = "Assignment1", "ALL_C++Assignments.vcxproj", "{25957901-A89C-4DD8-94DC-2C44622421C6}"
EndProject
Project("{8BC9CEB8-8B4A-11D0-8D11-00A0C91BC942}") = "Assignment2", "..\Assignment2\Assignment2.vcxproj", "{D1263924-2405-4D95-8225-DEB6E65D21D9}"
EndProject
Project("{8BC9CEB8-8B4A-11D0-8D11-00A0C91BC942}") = "Assignment3", "..\Assignment3\Assignment3.vcxproj", "{CD0F4BC3-B2BE-4827-9800-2A1E50DF93B5}"
EndProject
Project("{8BC9CEB8-8B4A-11D0-8D11-00A0C91BC942}") = "Assignment4", "..\Assignment4\Assignment4.vcxproj", "{036428FC-609F-4CA5-85FD-D3685891E0AF}"
EndProject
Project("{8BC9CEB8-8B4A-11D0-8D11-00A0C91BC942}") = "Assignment5", "..\Assignment5\Assignment5.vcxproj", "{EE2C6074-5437-495D-8451-56DDCBA28E73}"
EndProject
Project("{8BC9CEB8-8B4A-11D0-8D11-00A0C91BC942}") = "Assignment6", "..\Assignment6\Assignment6.vcxproj", "{98BECB33-6C8C-492F-AF20-C811857244E3}"
EndProject
Project("{8BC9CEB8-8B4A-11D0-8D11-00A0C91BC942}") = "Assignment7", "..\Assignment7\Assignment7.vcxproj", "{B807F0E1-D058-4AD0-88A6-BC765CC00CEA}"
EndProject
Project("{8BC9CEB8-8B4A-11D0-8D11-00A0C91BC942}") = "Assignment8", "..\Assignment8\Assignment8.vcxproj", "{D023EC8C-9170-4337-B4FB-6D531AEAAF1E}"
EndProject
Project("{8BC9CEB8-8B4A-11D0-8D11-00A0C91BC942}") = "Assignment9", "..\Assignment9\Assignment9.vcxproj", "{8D33F45E-EBE9-49B8-9B06-F6F2318F4527}"
EndProject
Project("{8BC9CEB8-8B4A-11D0-8D11-00A0C91BC942}") = "Assignment10", "..\Assignment10\Assignment10.vcxproj", "{A103C771-8FEA-415A-9BDC-B741E5E49F64}"
EndProject
Project("{8BC9CEB8-8B4A-11D0-8D11-00A0C91BC942}") = "Assignment11", "..\Assignment11\Assignment11.vcxproj", "{631D4B7C-8241-4D92-802A-C8F52ED58639}"
EndProject
Project("{8BC9CEB8-8B4A-11D0-8D11-00A0C91BC942}") = "Assignment12", "..\Assignment12\Assignment12.vcxproj", "{FB53172B-11D7-4AC9-8B91-FA8816340E5B}"
EndProject
Project("{8BC9CEB8-8B4A-11D0-8D11-00A0C91BC942}") = "Assignment13", "..\Assignment13\Assignment13.vcxproj", "{13E6742A-43C5-4094-A3DF-BFB198F2D994}"
EndProject
Project("{8BC9CEB8-8B4A-11D0-8D11-00A0C91BC942}") = "Assignment14", "..\Assignment14\Assignment14.vcxproj", "{C007D850-C88A-4E19-B653-C1747475B280}"
EndProject
Project("{8BC9CEB8-8B4A-11D0-8D11-00A0C91BC942}") = "Assignment15", "..\Assignment15\Assignment15.vcxproj", "{937B374D-F948-43ED-A370-625E9B19430A}"
EndProject
Project("{8BC9CEB8-8B4A-11D0-8D11-00A0C91BC942}") = "Assignment16", "..\Assignment16\Assignment16.vcxproj", "{63F53202-47AE-4511-9385-1ABF17611B53}"
EndProject
Project("{8BC9CEB8-8B4A-11D0-8D11-00A0C91BC942}") = "Assignment17", "..\Assignment17\Assignment17.vcxproj", "{AE998984-0B62-4BA5-BDEC-F0D1CFD55A22}"
EndProject
Project("{8BC9CEB8-8B4A-11D0-8D11-00A0C91BC942}") = "Assignment18", "..\Assignment18\Assignment18.vcxproj", "{8D37C26D-8AC6-4D76-89CB-38D1ADCC7B03}"
EndProject
Project("{8BC9CEB8-8B4A-11D0-8D11-00A0C91BC942}") = "Assignment19", "..\Assignment19\Assignment19.vcxproj", "{1897B7FB-6009-4EB3-9F2A-253903E6542C}"
EndProject
Project("{8BC9CEB8-8B4A-11D0-8D11-00A0C91BC942}") = "Assignment20", "..\Assignment20\Assignment20.vcxproj", "{04540311-2AE6-438A-9973-5CC44C753C2A}"
EndProject
Project("{8BC9CEB8-8B4A-11D0-8D11-00A0C91BC942}") = "Assignment21", "..\Assignment21\Assignment21.vcxproj", "{1B6E3274-D085-4267-A029-A462CC868884}"
EndProject
Project("{8BC9CEB8-8B4A-11D0-8D11-00A0C91BC942}") = "Assignment22", "..\Assignment22\Assignment22.vcxproj", "{6EB3D7DE-29D8-4EE3-B464-2C885B85A383}"
EndProject
Project("{8BC9CEB8-8B4A-11D0-8D11-00A0C91BC942}") = "Assignment23", "..\Assignment23\Assignment23.vcxproj", "{99624774-79B9-4037-9F65-93FC229B44E0}"
EndProject
Global
	GlobalSection(SolutionConfigurationPlatforms) = preSolution
		Debug|x64 = Debug|x64
		Debug|x86 = Debug|x86
		Release|x64 = Release|x64
		Release|x86 = Release|x86
	EndGlobalSection
	GlobalSection(ProjectConfigurationPlatforms) = postSolution
		{25957901-A89C-4DD8-94DC-2C44622421C6}.Debug|x64.ActiveCfg = Debug|x64
		{25957901-A89C-4DD8-94DC-2C44622421C6}.Debug|x64.Build.0 = Debug|x64
		{25957901-A89C-4DD8-94DC-2C44622421C6}.Debug|x86.ActiveCfg = Debug|Win32
		{25957901-A89C-4DD8-94DC-2C44622421C6}.Debug|x86.Build.0 = Debug|Win32
		{25957901-A89C-4DD8-94DC-2C44622421C6}.Release|x64.ActiveCfg = Release|x64
		{25957901-A89C-4DD8-94DC-2C44622421C6}.Release|x64.Build.0 = Release|x64
		{25957901-A89C-4DD8-94DC-2C44622421C6}.Release|x86.ActiveCfg = Release|Win32
		{25957901-A89C-4DD8-94DC-2C44622421C6}.Release|x86.Build.0 = Release|Win32
		{D1263924-2405-4D95-8225-DEB6E65D21D9}.Debug|x64.ActiveCfg = Debug|x64
		{D1263924-2405-4D95-8225-DEB6E65D21D9}.Debug|x64.Build.0 = Debug|x64
		{D1263924-2405-4D95-8225-DEB6E65D21D9}.Debug|x86.ActiveCfg = Debug|Win32
		{D1263924-2405-4D95-8225-DEB6E65D21D9}.Debug|x86.Build.0 = Debug|Win32
		{D1263924-2405-4D95-8225-DEB6E65D21D9}.Release|x64.ActiveCfg = Release|x64
		{D1263924-2405-4D95-8225-DEB6E65D21D9}.Release|x64.Build.0 = Release|x64
		{D1263924-2405-4D95-8225-DEB6E65D21D9}.Release|x86.ActiveCfg = Release|Win32
		{D1263924-2405-4D95-8225-DEB6E65D21D9}.Release|x86.Build.0 = Release|Win32
		{CD0F4BC3-B2BE-4827-9800-2A1E50DF93B5}.Debug|x64.ActiveCfg = Debug|x64
		{CD0F4BC3-B2BE-4827-9800-2A1E50DF93B5}.Debug|x64.Build.0 = Debug|x64
		{CD0F4BC3-B2BE-4827-9800-2A1E50DF93B5}.Debug|x86.ActiveCfg = Debug|Win32
		{CD0F4BC3-B2BE-4827-9800-2A1E50DF93B5}.Debug|x86.Build.0 = Debug|Win32
		{CD0F4BC3-B2BE-4827-9800-2A1E50DF93B5}.Release|x64.ActiveCfg = Release|x64
		{CD0F4BC3-B2BE-4827-9800-2A1E50DF93B5}.Release|x64.Build.0 = Release|x64
		{CD0F4BC3-B2BE-4827-9800-2A1E50DF93B5}.Release|x86.ActiveCfg = Release|Win32
		{CD0F4BC3-B2BE-4827-9800-2A1E50DF93B5}.Release|x86.Build.0 = Release|Win32
		{036428FC-609F-4CA5-85FD-D3685891E0AF}.Debug|x64.ActiveCfg = Debug|x64
		{036428FC-609F-4CA5-85FD-D3685891E0AF}.Debug|x64.Build.0 = Debug|x64
		{036428FC-609F-4CA5-85FD-D3685891E0AF}.Debug|x86.ActiveCfg = Debug|Win32
		{036428FC-609F-4CA5-85FD-D3685891E0AF}.Debug|x86.Build.0 = Debug|Win32
		{036428FC-609F-4CA5-85FD-D3685891E0AF}.Release|x64.ActiveCfg = Release|x64
		{036428FC-609F-4CA5-85FD-D3685891E0AF}.Release|x64.Build.0 = Release|x64
		{036428FC-609F-4CA5-85FD-D3685891E0AF}.Release|x86.ActiveCfg = Release|Win32
		{036428FC-609F-4CA5-85FD-D3685891E0AF}.Release|x86.Build.0 = Release|Win32
		{EE2C6074-5437-495D-8451-56DDCBA28E73}.Debug|x64.ActiveCfg = Debug|x64
		{EE2C6074-5437-495D-8451-56DDCBA28E73}.Debug|x64.Build.0 = Debug|x64
		{EE2C6074-5437-495D-8451-56DDCBA28E73}.Debug|x86.ActiveCfg = Debug|Win32
		{EE2C6074-5437-495D-8451-56DDCBA28E73}.Debug|x86.Build.0 = Debug|Win32
		{EE2C6074-5437-495D-8451-56DDCBA28E73}.Release|x64.ActiveCfg = Release|x64
		{EE2C6074-5437-495D-8451-56DDCBA28E73}.Release|x64.Build.0 = Release|x64
		{EE2C6074-5437-495D-8451-56DDCBA28E73}.Release|x86.ActiveCfg = Release|Win32
		{EE2C6074-5437-495D-8451-56DDCBA28E73}.Release|x86.Build.0 = Release|Win32
		{98BECB33-6C8C-492F-AF20-C811857244E3}.Debug|x64.ActiveCfg = Debug|x64
		{98BECB33-6C8C-492F-AF20-C811857244E3}.Debug|x64.Build.0 = Debug|x64
		{98BECB33-6C8C-492F-AF20-C811857244E3}.Debug|x86.ActiveCfg = Debug|Win32
		{98BECB33-6C8C-492F-AF20-C811857244E3}.Debug|x86.Build.0 = Debug|Win32
		{98BECB33-6C8C-492F-AF20-C811857244E3}.Release|x64.ActiveCfg = Release|x64
		{98BECB33-6C8C-492F-AF20-C811857244E3}.Release|x64.Build.0 = Release|x64
		{98BECB33-6C8C-492F-AF20-C811857244E3}.Release|x86.ActiveCfg = Release|Win32
		{98BECB33-6C8C-492F-AF20-C811857244E3}.Release|x86.Build.0 = Release|Win32
		{B807F0E1-D058-4AD0-88A6-BC765CC00CEA}.Debug|x64.ActiveCfg = Debug|x64
		{B807F0E1-D058-4AD0-88A6-BC765CC00CEA}.Debug|x64.Build.0 = Debug|x64
		{B807F0E1-D058-4AD0-88A6-BC765CC00CEA}.Debug|x86.ActiveCfg = Debug|Win32
		{B807F0E1-D058-4AD0-88A6-BC765CC00CEA}.Debug|x86.Build.0 = Debug|Win32
		{B807F0E1-D058-4AD0-88A6-BC765CC00CEA}.Release|x64.ActiveCfg = Release|x64
		{B807F0E1-D058-4AD0-88A6-BC765CC00CEA}.Release|x64.Build.0 = Release|x64
		{B807F0E1-D058-4AD0-88A6-BC765CC00CEA}.Release|x86.ActiveCfg = Release|Win32
		{B807F0E1-D058-4AD0-88A6-BC765CC00CEA}.Release|x86.Build.0 = Release|Win32
		{D023EC8C-9170-4337-B4FB-6D531AEAAF1E}.Debug|x64.ActiveCfg = Debug|x64
		{D023EC8C-9170-4337-B4FB-6D531AEAAF1E}.Debug|x64.Build.0 = Debug|x64
		{D023EC8C-9170-4337-B4FB-6D531AEAAF1E}.Debug|x86.ActiveCfg = Debug|Win32
		{D023EC8C-9170-4337-B4FB-6D531AEAAF1E}.Debug|x86.Build.0 = Debug|Win32
		{D023EC8C-9170-4337-B4FB-6D531AEAAF1E}.Release|x64.ActiveCfg = Release|x64
		{D023EC8C-9170-4337-B4FB-6D531AEAAF1E}.Release|x64.Build.0 = Release|x64
		{D023EC8C-9170-4337-B4FB-6D531AEAAF1E}.Release|x86.ActiveCfg = Release|Win32
		{D023EC8C-9170-4337-B4FB-6D531AEAAF1E}.Release|x86.Build.0 = Release|Win32
		{8D33F45E-EBE9-49B8-9B06-F6F2318F4527}.Debug|x64.ActiveCfg = Debug|x64
		{8D33F45E-EBE9-49B8-9B06-F6F2318F4527}.Debug|x64.Build.0 = Debug|x64
		{8D33F45E-EBE9-49B8-9B06-F6F2318F4527}.Debug|x86.ActiveCfg = Debug|Win32
		{8D33F45E-EBE9-49B8-9B06-F6F2318F4527}.Debug|x86.Build.0 = Debug|Win32
		{8D33F45E-EBE9-49B8-9B06-F6F2318F4527}.Release|x64.ActiveCfg = Release|x64
		{8D33F45E-EBE9-49B8-9B06-F6F2318F4527}.Release|x64.Build.0 = Release|x64
		{8D33F45E-EBE9-49B8-9B06-F6F2318F4527}.Release|x86.ActiveCfg = Release|Win32
		{8D33F45E-EBE9-49B8-9B06-F6F2318F4527}.Release|x86.Build.0 = Release|Win32
		{A103C771-8FEA-415A-9BDC-B741E5E49F64}.Debug|x64.ActiveCfg = Debug|x64
		{A103C771-8FEA-415A-9BDC-B741E5E49F64}.Debug|x64.Build.0 = Debug|x64
		{A103C771-8FEA-415A-9BDC-B741E5E49F64}.Debug|x86.ActiveCfg = Debug|Win32
		{A103C771-8FEA-415A-9BDC-B741E5E49F64}.Debug|x86.Build.0 = Debug|Win32
		{A103C771-8FEA-415A-9BDC-B741E5E49F64}.Release|x64.ActiveCfg = Release|x64
		{A103C771-8FEA-415A-9BDC-B741E5E49F64}.Release|x64.Build.0 = Release|x64
		{A103C771-8FEA-415A-9BDC-B741E5E49F64}.Release|x86.ActiveCfg = Release|Win32
		{A103C771-8FEA-415A-9BDC-B741E5E49F64}.Release|x86.Build.0 = Release|Win32
		{631D4B7C-8241-4D92-802A-C8F52ED58639}.Debug|x64.ActiveCfg = Debug|x64
		{631D4B7C-8241-4D92-802A-C8F52ED58639}.Debug|x64.Build.0 = Debug|x64
		{631D4B7C-8241-4D92-802A-C8F52ED58639}.Debug|x86.ActiveCfg = Debug|Win32
		{631D4B7C-8241-4D92-802A-C8F52ED58639}.Debug|x86.Build.0 = Debug|Win32
		{631D4B7C-8241-4D92-802A-C8F52ED58639}.Release|x64.ActiveCfg = Release|x64
		{631D4B7C-8241-4D92-802A-C8F52ED58639}.Release|x64.Build.0 = Release|x64
		{631D4B7C-8241-4D92-802A-C8F52ED58639}.Release|x86.ActiveCfg = Release|Win32
		{631D4B7C-8241-4D92-802A-C8F52ED58639}.Release|x86.Build.0 = Release|Win32
		{FB53172B-11D7-4AC9-8B91-FA8816340E5B}.Debug|x64.ActiveCfg = Debug|x64
		{FB53172B-11D7-4AC9-8B91-FA8816340E5B}.Debug|x64.Build.0 = Debug|x64
		{FB53172B-11D7-4AC9-8B91-FA8816340E5B}.Debug|x86.ActiveCfg = Debug|Win32
		{FB53172B-11D7-4AC9-8B91-FA8816340E5B}.Debug|x86.Build.0 = Debug|Win32
		{FB53172B-11D7-4AC9-8B91-FA8816340E5B}.Release|x64.ActiveCfg = Release|x64
		{FB53172B-11D7-4AC9-8B91-FA8816340E5B}.Release|x64.Build.0 = Release|x64
		{FB53172B-11D7-4AC9-8B91-FA8816340E5B}.Release|x86.ActiveCfg = Release|Win32
		{FB53172B-11D7-4AC9-8B91-FA8816340E5B}.Release|x86.Build.0 = Release|Win32
		{13E6742A-43C5-4094-A3DF-BFB198F2D994}.Debug|x64.ActiveCfg = Debug|x64
		{13E6742A-43C5-4094-A3DF-BFB198F2D994}.Debug|x64.Build.0 = Debug|x64
		{13E6742A-43C5-4094-A3DF-BFB198F2D994}.Debug|x86.ActiveCfg = Debug|Win32
		{13E6742A-43C5-4094-A3DF-BFB198F2D994}.Debug|x86.Build.0 = Debug|Win32
		{13E6742A-43C5-4094-A3DF-BFB198F2D994}.Release|x64.ActiveCfg = Release|x64
		{13E6742A-43C5-4094-A3DF-BFB198F2D994}.Release|x64.Build.0 = Release|x64
		{13E6742A-43C5-4094-A3DF-BFB198F2D994}.Release|x86.ActiveCfg = Release|Win32
		{13E6742A-43C5-4094-A3DF-BFB198F2D994}.Release|x86.Build.0 = Release|Win32
		{C007D850-C88A-4E19-B653-C1747475B280}.Debug|x64.ActiveCfg = Debug|x64
		{C007D850-C88A-4E19-B653-C1747475B280}.Debug|x64.Build.0 = Debug|x64
		{C007D850-C88A-4E19-B653-C1747475B280}.Debug|x86.ActiveCfg = Debug|Win32
		{C007D850-C88A-4E19-B653-C1747475B280}.Debug|x86.Build.0 = Debug|Win32
		{C007D850-C88A-4E19-B653-C1747475B280}.Release|x64.ActiveCfg = Release|x64
		{C007D850-C88A-4E19-B653-C1747475B280}.Release|x64.Build.0 = Release|x64
		{C007D850-C88A-4E19-B653-C1747475B280}.Release|x86.ActiveCfg = Release|Win32
		{C007D850-C88A-4E19-B653-C1747475B280}.Release|x86.Build.0 = Release|Win32
		{937B374D-F948-43ED-A370-625E9B19430A}.Debug|x64.ActiveCfg = Debug|x64
		{937B374D-F948-43ED-A370-625E9B19430A}.Debug|x64.Build.0 = Debug|x64
		{937B374D-F948-43ED-A370-625E9B19430A}.Debug|x86.ActiveCfg = Debug|Win32
		{937B374D-F948-43ED-A370-625E9B19430A}.Debug|x86.Build.0 = Debug|Win32
		{937B374D-F948-43ED-A370-625E9B19430A}.Release|x64.ActiveCfg = Release|x64
		{937B374D-F948-43ED-A370-625E9B19430A}.Release|x64.Build.0 = Release|x64
		{937B374D-F948-43ED-A370-625E9B19430A}.Release|x86.ActiveCfg = Release|Win32
		{937B374D-F948-43ED-A370-625E9B19430A}.Release|x86.Build.0 = Release|Win32
		{63F53202-47AE-4511-9385-1ABF17611B53}.Debug|x64.ActiveCfg = Debug|x64
		{63F53202-47AE-4511-9385-1ABF17611B53}.Debug|x64.Build.0 = Debug|x64
		{63F53202-47AE-4511-9385-1ABF17611B53}.Debug|x86.ActiveCfg = Debug|Win32
		{63F53202-47AE-4511-9385-1ABF17611B53}.Debug|x86.Build.0 = Debug|Win32
		{63F53202-47AE-4511-9385-1ABF17611B53}.Release|x64.ActiveCfg = Release|x64
		{63F53202-47AE-4511-9385-1ABF17611B53}.Release|x64.Build.0 = Release|x64
		{63F53202-47AE-4511-9385-1ABF17611B53}.Release|x86.ActiveCfg = Release|Win32
		{63F53202-47AE-4511-9385-1ABF17611B53}.Release|x86.Build.0 = Release|Win32
		{AE998984-0B62-4BA5-BDEC-F0D1CFD55A22}.Debug|x64.ActiveCfg = Debug|x64
		{AE998984-0B62-4BA5-BDEC-F0D1CFD55A22}.Debug|x64.Build.0 = Debug|x64
		{AE998984-0B62-4BA5-BDEC-F0D1CFD55A22}.Debug|x86.ActiveCfg = Debug|Win32
		{AE998984-0B62-4BA5-BDEC-F0D1CFD55A22}.Debug|x86.Build.0 = Debug|Win32
		{AE998984-0B62-4BA5-BDEC-F0D1CFD55A22}.Release|x64.ActiveCfg = Release|x64
		{AE998984-0B62-4BA5-BDEC-F0D1CFD55A22}.Release|x64.Build.0 = Release|x64
		{AE998984-0B62-4BA5-BDEC-F0D1CFD55A22}.Release|x86.ActiveCfg = Release|Win32
		{AE998984-0B62-4BA5-BDEC-F0D1CFD55A22}.Release|x86.Build.0 = Release|Win32
		{8D37C26D-8AC6-4D76-89CB-38D1ADCC7B03}.Debug|x64.ActiveCfg = Debug|x64
		{8D37C26D-8AC6-4D76-89CB-38D1ADCC7B03}.Debug|x64.Build.0 = Debug|x64
		{8D37C26D-8AC6-4D76-89CB-38D1ADCC7B03}.Debug|x86.ActiveCfg = Debug|Win32
		{8D37C26D-8AC6-4D76-89CB-38D1ADCC7B03}.Debug|x86.Build.0 = Debug|Win32
		{8D37C26D-8AC6-4D76-89CB-38D1ADCC7B03}.Release|x64.ActiveCfg = Release|x64
		{8D37C26D-8AC6-4D76-89CB-38D1ADCC7B03}.Release|x64.Build.0 = Release|x64
		{8D37C26D-8AC6-4D76-89CB-38D1ADCC7B03}.Release|x86.ActiveCfg = Release|Win32
		{8D37C26D-8AC6-4D76-89CB-38D1ADCC7B03}.Release|x86.Build.0 = Release|Win32
		{1897B7FB-6009-4EB3-9F2A-253903E6542C}.Debug|x64.ActiveCfg = Debug|x64
		{1897B7FB-6009-4EB3-9F2A-253903E6542C}.Debug|x64.Build.0 = Debug|x64
		{1897B7FB-6009-4EB3-9F2A-253903E6542C}.Debug|x86.ActiveCfg = Debug|Win32
		{1897B7FB-6009-4EB3-9F2A-253903E6542C}.Debug|x86.Build.0 = Debug|Win32
		{1897B7FB-6009-4EB3-9F2A-253903E6542C}.Release|x64.ActiveCfg = Release|x64
		{1897B7FB-6009-4EB3-9F2A-253903E6542C}.Release|x64.Build.0 = Release|x64
		{1897B7FB-6009-4EB3-9F2A-253903E6542C}.Release|x86.ActiveCfg = Release|Win32
		{1897B7FB-6009-4EB3-9F2A-253903E6542C}.Release|x86.Build.0 = Release|Win32
		{04540311-2AE6-438A-9973-5CC44C753C2A}.Debug|x64.ActiveCfg = Debug|x64
		{04540311-2AE6-438A-9973-5CC44C753C2A}.Debug|x64.Build.0 = Debug|x64
		{04540311-2AE6-438A-9973-5CC44C753C2A}.Debug|x86.ActiveCfg = Debug|Win32
		{04540311-2AE6-438A-9973-5CC44C753C2A}.Debug|x86.Build.0 = Debug|Win32
		{04540311-2AE6-438A-9973-5CC44C753C2A}.Release|x64.ActiveCfg = Release|x64
		{04540311-2AE6-438A-9973-5CC44C753C2A}.Release|x64.Build.0 = Release|x64
		{04540311-2AE6-438A-9973-5CC44C753C2A}.Release|x86.ActiveCfg = Release|Win32
		{04540311-2AE6-438A-9973-5CC44C753C2A}.Release|x86.Build.0 = Release|Win32
		{1B6E3274-D085-4267-A029-A462CC868884}.Debug|x64.ActiveCfg = Debug|x64
		{1B6E3274-D085-4267-A029-A462CC868884}.Debug|x64.Build.0 = Debug|x64
		{1B6E3274-D085-4267-A029-A462CC868884}.Debug|x86.ActiveCfg = Debug|Win32
		{1B6E3274-D085-4267-A029-A462CC868884}.Debug|x86.Build.0 = Debug|Win32
		{1B6E3274-D085-4267-A029-A462CC868884}.Release|x64.ActiveCfg = Release|x64
		{1B6E3274-D085-4267-A029-A462CC868884}.Release|x64.Build.0 = Release|x64
		{1B6E3274-D085-4267-A029-A462CC868884}.Release|x86.ActiveCfg = Release|Win32
		{1B6E3274-D085-4267-A029-A462CC868884}.Release|x86.Build.0 = Release|Win32
		{6EB3D7DE-29D8-4EE3-B464-2C885B85A383}.Debug|x64.ActiveCfg = Debug|x64
		{6EB3D7DE-29D8-4EE3-B464-2C885B85A383}.Debug|x64.Build.0 = Debug|x64
		{6EB3D7DE-29D8-4EE3-B464-2C885B85A383}.Debug|x86.ActiveCfg = Debug|Win32
		{6EB3D7DE-29D8-4EE3-B464-2C885B85A383}.Debug|x86.Build.0 = Debug|Win32
		{6EB3D7DE-29D8-4EE3-B464-2C885B85A383}.Release|x64.ActiveCfg = Release|x64
		{6EB3D7DE-29D8-4EE3-B464-2C885B85A383}.Release|x64.Build.0 = Release|x64
		{6EB3D7DE-29D8-4EE3-B464-2C885B85A383}.Release|x86.ActiveCfg = Release|Win32
		{6EB3D7DE-29D8-4EE3-B464-2C885B85A383}.Release|x86.Build.0 = Release|Win32
		{99624774-79B9-4037-9F65-93FC229B44E0}.Debug|x64.ActiveCfg = Debug|x64
		{99624774-79B9-4037-9F65-93FC229B44E0}.Debug|x64.Build.0 = Debug|x64
		{99624774-79B9-4037-9F65-93FC229B44E0}.Debug|x86.ActiveCfg = Debug|Win32
		{99624774-79B9-4037-9F65-93FC229B44E0}.Debug|x86.Build.0 = Debug|Win32
		{99624774-79B9-4037-9F65-93FC229B44E0}.Release|x64.ActiveCfg = Release|x64
		{99624774-79B9-4037-9F65-93FC229B44E0}.Release|x64.Build.0 = Release|x64
		{99624774-79B9-4037-9F65-93FC229B44E0}.Release|x86.ActiveCfg = Release|Win32
		{99624774-79B9-4037-9F65-93FC229B44E0}.Release|x86.Build.0 = Release|Win32
	EndGlobalSection
	GlobalSection(SolutionProperties) = preSolution
		HideSolutionNode = FALSE
	EndGlobalSection
	GlobalSection(ExtensibilityGlobals) = postSolution
		SolutionGuid = {96C1B7FD-053A-41A3-81DB-E6342DB17D2D}
	EndGlobalSection
EndGlobal
